
Microsoft Visual Studio Solution File, Format Version 12.00
# Visual Studio Version 16
VisualStudioVersion = 16.0.30413.136
MinimumVisualStudioVersion = 10.0.40219.1
Project("{FAE04EC0-301F-11D3-BF4B-00C04F79EFBC}") = "Практическая6", "practicheskaya5\Практическая6.csproj", "{4C28E1E0-8E0A-43B7-9F14-F04E5775230C}"
EndProject
Project("{FAE04EC0-301F-11D3-BF4B-00C04F79EFBC}") = "ClassLibrary1", "ClassLibrary1\ClassLibrary1.csproj", "{D3E39A29-D8F1-476F-AFB0-5C00E60EBB29}"
EndProject
Global
	GlobalSection(SolutionConfigurationPlatforms) = preSolution
		Debug|Any CPU = Debug|Any CPU
		Release|Any CPU = Release|Any CPU
	EndGlobalSection
	GlobalSection(ProjectConfigurationPlatforms) = postSolution
		{4C28E1E0-8E0A-43B7-9F14-F04E5775230C}.Debug|Any CPU.ActiveCfg = Debug|Any CPU
		{4C28E1E0-8E0A-43B7-9F14-F04E5775230C}.Debug|Any CPU.Build.0 = Debug|Any CPU
		{4C28E1E0-8E0A-43B7-9F14-F04E5775230C}.Release|Any CPU.ActiveCfg = Release|Any CPU
		{4C28E1E0-8E0A-43B7-9F14-F04E5775230C}.Release|Any CPU.Build.0 = Release|Any CPU
		{D3E39A29-D8F1-476F-AFB0-5C00E60EBB29}.Debug|Any CPU.ActiveCfg = Debug|Any CPU
		{D3E39A29-D8F1-476F-AFB0-5C00E60EBB29}.Debug|Any CPU.Build.0 = Debug|Any CPU
		{D3E39A29-D8F1-476F-AFB0-5C00E60EBB29}.Release|Any CPU.ActiveCfg = Release|Any CPU
		{D3E39A29-D8F1-476F-AFB0-5C00E60EBB29}.Release|Any CPU.Build.0 = Release|Any CPU
	EndGlobalSection
	GlobalSection(SolutionProperties) = preSolution
		HideSolutionNode = FALSE
	EndGlobalSection
	GlobalSection(ExtensibilityGlobals) = postSolution
		SolutionGuid = {04A35E42-40D1-4865-9732-06201CA5A6D8}
	EndGlobalSection
EndGlobal
